Microsoft Visual Studio Solution File, Format Version 11.00
# Visual Studio 2008

Project("{0D7A5D84-8AF4-E528-8A1B-8D89E993645B}") = "Arghh!-kopia 2", "Assembly-CSharp.csproj", "{D9C5CA4F-026A-7CA4-9B0F-1593F14C9102}"
EndProject
Project("{0D7A5D84-8AF4-E528-8A1B-8D89E993645B}") = "Arghh!-kopia 2", "Assembly-CSharp-Editor.csproj", "{575606A5-F89C-9916-09FF-46A5798B773D}"
EndProject
Global
	GlobalSection(SolutionConfigurationPlatforms) = preSolution
		Debug|Any CPU = Debug|Any CPU
		Release|Any CPU = Release|Any CPU
	EndGlobalSection
	GlobalSection(ProjectConfigurationPlatforms) = postSolution
		{D9C5CA4F-026A-7CA4-9B0F-1593F14C9102}.Debug|Any CPU.ActiveCfg = Debug|Any CPU
		{D9C5CA4F-026A-7CA4-9B0F-1593F14C9102}.Debug|Any CPU.Build.0 = Debug|Any CPU
		{D9C5CA4F-026A-7CA4-9B0F-1593F14C9102}.Release|Any CPU.ActiveCfg = Release|Any CPU
		{D9C5CA4F-026A-7CA4-9B0F-1593F14C9102}.Release|Any CPU.Build.0 = Release|Any CPU
		{575606A5-F89C-9916-09FF-46A5798B773D}.Debug|Any CPU.ActiveCfg = Debug|Any CPU
		{575606A5-F89C-9916-09FF-46A5798B773D}.Debug|Any CPU.Build.0 = Debug|Any CPU
		{575606A5-F89C-9916-09FF-46A5798B773D}.Release|Any CPU.ActiveCfg = Release|Any CPU
		{575606A5-F89C-9916-09FF-46A5798B773D}.Release|Any CPU.Build.0 = Release|Any CPU
	EndGlobalSection
	GlobalSection(SolutionProperties) = preSolution
		HideSolutionNode = FALSE
	EndGlobalSection
	GlobalSection(MonoDevelopProperties) = preSolution
		StartupItem = Assembly-CSharp.csproj
	EndGlobalSection
EndGlobal
